
Microsoft Visual Studio Solution File, Format Version 12.00
# Visual Studio 2012
Project("{FAE04EC0-301F-11D3-BF4B-00C04F79EFBC}") = "WS.Accounts.Site.Tests", "WS.Accounts.Site.Tests\WS.Accounts.Site.Tests.csproj", "{2922DABC-E16B-4C03-BFB5-BA7243F7CCED}"
EndProject
Project("{FAE04EC0-301F-11D3-BF4B-00C04F79EFBC}") = "WS.Accounts.Site", "WS.Accounts.Site\WS.Accounts.Site.csproj", "{91217DED-A6AF-4718-A6F8-D5A7B6A6AEB5}"
EndProject
Project("{00D1A9C2-B5F0-4AF3-8072-F6C62B433612}") = "WS.Accounts.Database", "WS.Accounts.Database\WS.Accounts.Database.sqlproj", "{D06EFA89-62D2-47A0-90FE-AE722FAB46A2}"
EndProject
Global
	GlobalSection(SolutionConfigurationPlatforms) = preSolution
		Debug|Any CPU = Debug|Any CPU
		Release|Any CPU = Release|Any CPU
	EndGlobalSection
	GlobalSection(ProjectConfigurationPlatforms) = postSolution
		{2922DABC-E16B-4C03-BFB5-BA7243F7CCED}.Debug|Any CPU.ActiveCfg = Debug|Any CPU
		{2922DABC-E16B-4C03-BFB5-BA7243F7CCED}.Debug|Any CPU.Build.0 = Debug|Any CPU
		{2922DABC-E16B-4C03-BFB5-BA7243F7CCED}.Release|Any CPU.ActiveCfg = Release|Any CPU
		{2922DABC-E16B-4C03-BFB5-BA7243F7CCED}.Release|Any CPU.Build.0 = Release|Any CPU
		{91217DED-A6AF-4718-A6F8-D5A7B6A6AEB5}.Debug|Any CPU.ActiveCfg = Debug|Any CPU
		{91217DED-A6AF-4718-A6F8-D5A7B6A6AEB5}.Debug|Any CPU.Build.0 = Debug|Any CPU
		{91217DED-A6AF-4718-A6F8-D5A7B6A6AEB5}.Release|Any CPU.ActiveCfg = Release|Any CPU
		{91217DED-A6AF-4718-A6F8-D5A7B6A6AEB5}.Release|Any CPU.Build.0 = Release|Any CPU
		{D06EFA89-62D2-47A0-90FE-AE722FAB46A2}.Debug|Any CPU.ActiveCfg = Debug|Any CPU
		{D06EFA89-62D2-47A0-90FE-AE722FAB46A2}.Debug|Any CPU.Build.0 = Debug|Any CPU
		{D06EFA89-62D2-47A0-90FE-AE722FAB46A2}.Debug|Any CPU.Deploy.0 = Debug|Any CPU
		{D06EFA89-62D2-47A0-90FE-AE722FAB46A2}.Release|Any CPU.ActiveCfg = Release|Any CPU
		{D06EFA89-62D2-47A0-90FE-AE722FAB46A2}.Release|Any CPU.Build.0 = Release|Any CPU
		{D06EFA89-62D2-47A0-90FE-AE722FAB46A2}.Release|Any CPU.Deploy.0 = Release|Any CPU
	EndGlobalSection
	GlobalSection(SolutionProperties) = preSolution
		HideSolutionNode = FALSE
	EndGlobalSection
EndGlobal
